github.com/cobaltgray/go-plyfile v0.0.0-20210513130740-b21b0efca069 h1:+A7ZW/sY9IG/WvTrQPqieYuN58FgPdB7lXntFROJiow=
github.com/cobaltgray/go-plyfile v0.0.0-20210513130740-b21b0efca069/go.mod h1:/5trcn3Txufe7tdySHb4A+1mqItn6WRprwfnjTia8ZA=
github.com/golang/glog v1.1.0 h1:/d3pCKDPWNnvIWe0vVUpNP32qc8U3PDVxySP/y360qE=
github.com/golang/glog v1.1.0/go.mod h1:pfYeQZ3JWZoXTV5sFc986z3HTpwQs9At6P4ImfuP3NQ=
github.com/shopspring/decimal v1.3.1 h1:2Usl1nmF/WZucqkFZhnfFYxxxu8LG21F6nPQBE5gKV8=
github.com/shopspring/decimal v1.3.1/go.mod h1:DKyhrW/HYNuLGql+MJL6WCR6knT2jwCFRcu2hWCYk4o=
github.com/xeonx/geom v0.0.0-20151223130215-76a21efc1ce4 h1:euU/zmXMiiVk7D2MFr+DowxhR5vneLsrvHsEL+2oj5Q=
github.com/xeonx/geom v0.0.0-20151223130215-76a21efc1ce4/go.mod h1:ZPykJRloc9d9XR8xLVEVXdBPfUC73Z+yzOQU/fAEc8g=
github.com/xeonx/proj4 v0.0.0-20151223112312-c52078bad901 h1:iSCvUcZhW/WSjZ80YFQDnvoFFBUmf/dQtScWFDBm5uI=
github.com/xeonx/proj4 v0.0.0-20151223112312-c52078bad901/go.mod h1:va4ShuSDPhBD8tK7kyEMdVqhjAvZmTzWdxAKtkPbnjA=
